
Microsoft Visual Studio Solution File, Format Version 12.00
# Visual Studio Version 17
VisualStudioVersion = 17.11.35222.181
MinimumVisualStudioVersion = 10.0.40219.1
Project("{9A19103F-16F7-4668-BE54-9A1E7A4F7556}") = "MindboxTask", "MindboxTask\MindboxTask.csproj", "{382F2829-67D3-4725-B7AE-CD9632109D3F}"
EndProject
Project("{9A19103F-16F7-4668-BE54-9A1E7A4F7556}") = "SquareCalcTests", "SquareCalcTests\SquareCalcTests.csproj", "{1531C30D-0FF2-416F-991D-3CFA67FE851E}"
EndProject
Global
	GlobalSection(SolutionConfigurationPlatforms) = preSolution
		Debug|Any CPU = Debug|Any CPU
		Release|Any CPU = Release|Any CPU
	EndGlobalSection
	GlobalSection(ProjectConfigurationPlatforms) = postSolution
		{382F2829-67D3-4725-B7AE-CD9632109D3F}.Debug|Any CPU.ActiveCfg = Debug|Any CPU
		{382F2829-67D3-4725-B7AE-CD9632109D3F}.Debug|Any CPU.Build.0 = Debug|Any CPU
		{382F2829-67D3-4725-B7AE-CD9632109D3F}.Release|Any CPU.ActiveCfg = Release|Any CPU
		{382F2829-67D3-4725-B7AE-CD9632109D3F}.Release|Any CPU.Build.0 = Release|Any CPU
		{1531C30D-0FF2-416F-991D-3CFA67FE851E}.Debug|Any CPU.ActiveCfg = Debug|Any CPU
		{1531C30D-0FF2-416F-991D-3CFA67FE851E}.Debug|Any CPU.Build.0 = Debug|Any CPU
		{1531C30D-0FF2-416F-991D-3CFA67FE851E}.Release|Any CPU.ActiveCfg = Release|Any CPU
		{1531C30D-0FF2-416F-991D-3CFA67FE851E}.Release|Any CPU.Build.0 = Release|Any CPU
	EndGlobalSection
	GlobalSection(SolutionProperties) = preSolution
		HideSolutionNode = FALSE
	EndGlobalSection
	GlobalSection(ExtensibilityGlobals) = postSolution
		SolutionGuid = {557E3A54-6FBE-4057-BA8C-A867DA947E3E}
	EndGlobalSection
EndGlobal
